
Microsoft Visual Studio Solution File, Format Version 12.00
# Visual Studio 15
VisualStudioVersion = 15.0.26730.16
MinimumVisualStudioVersion = 10.0.40219.1
Project("{8BC9CEB8-8B4A-11D0-8D11-00A0C91BC942}") = "HW", "HW\HW.vcxproj", "{B0166330-7D24-4A44-8887-54827FD793CB}"
EndProject
Global
	GlobalSection(SolutionConfigurationPlatforms) = preSolution
		Debug|x64 = Debug|x64
		Debug|x86 = Debug|x86
		Release|x64 = Release|x64
		Release|x86 = Release|x86
	EndGlobalSection
	GlobalSection(ProjectConfigurationPlatforms) = postSolution
		{B0166330-7D24-4A44-8887-54827FD793CB}.Debug|x64.ActiveCfg = Debug|x64
		{B0166330-7D24-4A44-8887-54827FD793CB}.Debug|x64.Build.0 = Debug|x64
		{B0166330-7D24-4A44-8887-54827FD793CB}.Debug|x86.ActiveCfg = Debug|Win32
		{B0166330-7D24-4A44-8887-54827FD793CB}.Debug|x86.Build.0 = Debug|Win32
		{B0166330-7D24-4A44-8887-54827FD793CB}.Release|x64.ActiveCfg = Release|x64
		{B0166330-7D24-4A44-8887-54827FD793CB}.Release|x64.Build.0 = Release|x64
		{B0166330-7D24-4A44-8887-54827FD793CB}.Release|x86.ActiveCfg = Release|Win32
		{B0166330-7D24-4A44-8887-54827FD793CB}.Release|x86.Build.0 = Release|Win32
	EndGlobalSection
	GlobalSection(SolutionProperties) = preSolution
		HideSolutionNode = FALSE
	EndGlobalSection
	GlobalSection(ExtensibilityGlobals) = postSolution
		SolutionGuid = {07A277E7-860C-4723-ADA9-5001FECE4888}
	EndGlobalSection
EndGlobal
