
Microsoft Visual Studio Solution File, Format Version 12.00
# Visual Studio 15
VisualStudioVersion = 15.0.26730.16
MinimumVisualStudioVersion = 10.0.40219.1
Project("{8BC9CEB8-8B4A-11D0-8D11-00A0C91BC942}") = "HW", "HW\HW.vcxproj", "{74284508-1CFD-4089-8C41-567B34528D41}"
EndProject
Global
	GlobalSection(SolutionConfigurationPlatforms) = preSolution
		Debug|x64 = Debug|x64
		Debug|x86 = Debug|x86
		Release|x64 = Release|x64
		Release|x86 = Release|x86
	EndGlobalSection
	GlobalSection(ProjectConfigurationPlatforms) = postSolution
		{74284508-1CFD-4089-8C41-567B34528D41}.Debug|x64.ActiveCfg = Debug|x64
		{74284508-1CFD-4089-8C41-567B34528D41}.Debug|x64.Build.0 = Debug|x64
		{74284508-1CFD-4089-8C41-567B34528D41}.Debug|x86.ActiveCfg = Debug|Win32
		{74284508-1CFD-4089-8C41-567B34528D41}.Debug|x86.Build.0 = Debug|Win32
		{74284508-1CFD-4089-8C41-567B34528D41}.Release|x64.ActiveCfg = Release|x64
		{74284508-1CFD-4089-8C41-567B34528D41}.Release|x64.Build.0 = Release|x64
		{74284508-1CFD-4089-8C41-567B34528D41}.Release|x86.ActiveCfg = Release|Win32
		{74284508-1CFD-4089-8C41-567B34528D41}.Release|x86.Build.0 = Release|Win32
	EndGlobalSection
	GlobalSection(SolutionProperties) = preSolution
		HideSolutionNode = FALSE
	EndGlobalSection
	GlobalSection(ExtensibilityGlobals) = postSolution
		SolutionGuid = {981BA7AD-7DA5-4DEE-8108-EA54F4EDD704}
	EndGlobalSection
EndGlobal
